// !$*UTF8*$!
{
	archiveVersion = 1;
	classes = {
	};
	objectVersion = 54;
	objects = {

/* Begin PBXBuildFile section */
		593B585825975C8200AEC1A2 /* LogoView.swift in Sources */ = {isa = PBXBuildFile; fileRef = 593B585725975C8200AEC1A2 /* LogoView.swift */; };
		598DDE3D2597395E007335F5 /* LaikoApp.swift in Sources */ = {isa = PBXBuildFile; fileRef = 598DDE3C2597395E007335F5 /* LaikoApp.swift */; };
		598DDE3F2597395E007335F5 /* ContentView.swift in Sources */ = {isa = PBXBuildFile; fileRef = 598DDE3E2597395E007335F5 /* ContentView.swift */; };
		598DDE412597395F007335F5 /* Assets.xcassets in Resources */ = {isa = PBXBuildFile; fileRef = 598DDE402597395F007335F5 /* Assets.xcassets */; };
		598DDE442597395F007335F5 /* Preview Assets.xcassets in Resources */ = {isa = PBXBuildFile; fileRef = 598DDE432597395F007335F5 /* Preview Assets.xcassets */; };
		598DDE4F25973960007335F5 /* LaikoTests.swift in Sources */ = {isa = PBXBuildFile; fileRef = 598DDE4E25973960007335F5 /* LaikoTests.swift */; };
		598DDE5A25973960007335F5 /* LaikoUITests.swift in Sources */ = {isa = PBXBuildFile; fileRef = 598DDE5925973960007335F5 /* LaikoUITests.swift */; };
		59A3AF4925974C3F002A0BC4 /* Main.storyboard in Resources */ = {isa = PBXBuildFile; fileRef = 59A3AF4825974C3F002A0BC4 /* Main.storyboard */; };
/* End PBXBuildFile section */

/* Begin PBXContainerItemProxy section */
		598DDE4B25973960007335F5 /* PBXContainerItemProxy */ = {
			isa = PBXContainerItemProxy;
			containerPortal = 598DDE312597395E007335F5 /* Project object */;
			proxyType = 1;
			remoteGlobalIDString = 598DDE382597395E007335F5;
			remoteInfo = Laiko;
		};
		598DDE5625973960007335F5 /* PBXContainerItemProxy */ = {
			isa = PBXContainerItemProxy;
			containerPortal = 598DDE312597395E007335F5 /* Project object */;
			proxyType = 1;
			remoteGlobalIDString = 598DDE382597395E007335F5;
			remoteInfo = Laiko;
		};
/* End PBXContainerItemProxy section */

/* Begin PBXFileReference section */
		593B585725975C8200AEC1A2 /* LogoView.swift */ = {isa = PBXFileReference; lastKnownFileType = sourcecode.swift; path = LogoView.swift; sourceTree = "<group>"; };
		598DDE392597395E007335F5 /* Laiko.app */ = {isa = PBXFileReference; explicitFileType = wrapper.application; includeInIndex = 0; path = Laiko.app; sourceTree = BUILT_PRODUCTS_DIR; };
		598DDE3C2597395E007335F5 /* LaikoApp.swift */ = {isa = PBXFileReference; lastKnownFileType = sourcecode.swift; path = LaikoApp.swift; sourceTree = "<group>"; };
		598DDE3E2597395E007335F5 /* ContentView.swift */ = {isa = PBXFileReference; lastKnownFileType = sourcecode.swift; path = ContentView.swift; sourceTree = "<group>"; };
		598DDE402597395F007335F5 /* Assets.xcassets */ = {isa = PBXFileReference; lastKnownFileType = folder.assetcatalog; path = Assets.xcassets; sourceTree = "<group>"; };
		598DDE432597395F007335F5 /* Preview Assets.xcassets */ = {isa = PBXFileReference; lastKnownFileType = folder.assetcatalog; path = "Preview Assets.xcassets"; sourceTree = "<group>"; };
		598DDE452597395F007335F5 /* Info.plist */ = {isa = PBXFileReference; lastKnownFileType = text.plist.xml; path = Info.plist; sourceTree = "<group>"; };
		598DDE4A25973960007335F5 /* LaikoTests.xctest */ = {isa = PBXFileReference; explicitFileType = wrapper.cfbundle; includeInIndex = 0; path = LaikoTests.xctest; sourceTree = BUILT_PRODUCTS_DIR; };
		598DDE4E25973960007335F5 /* LaikoTests.swift */ = {isa = PBXFileReference; lastKnownFileType = sourcecode.swift; path = LaikoTests.swift; sourceTree = "<group>"; };
		598DDE5025973960007335F5 /* Info.plist */ = {isa = PBXFileReference; lastKnownFileType = text.plist.xml; path = Info.plist; sourceTree = "<group>"; };
		598DDE5525973960007335F5 /* LaikoUITests.xctest */ = {isa = PBXFileReference; explicitFileType = wrapper.cfbundle; includeInIndex = 0; path = LaikoUITests.xctest; sourceTree = BUILT_PRODUCTS_DIR; };
		598DDE5925973960007335F5 /* LaikoUITests.swift */ = {isa = PBXFileReference; lastKnownFileType = sourcecode.swift; path = LaikoUITests.swift; sourceTree = "<group>"; };
		598DDE5B25973960007335F5 /* Info.plist */ = {isa = PBXFileReference; lastKnownFileType = text.plist.xml; path = Info.plist; sourceTree = "<group>"; };
		59A3AF4825974C3F002A0BC4 /* Main.storyboard */ = {isa = PBXFileReference; lastKnownFileType = file.storyboard; path = Main.storyboard; sourceTree = "<group>"; };
/* End PBXFileReference section */

/* Begin PBXFrameworksBuildPhase section */
		598DDE362597395E007335F5 /* Frameworks */ = {
			isa = PBXFrameworksBuildPhase;
			buildActionMask = 2147483647;
			files = (
			);
			runOnlyForDeploymentPostprocessing = 0;
		};
		598DDE4725973960007335F5 /* Frameworks */ = {
			isa = PBXFrameworksBuildPhase;
			buildActionMask = 2147483647;
			files = (
			);
			runOnlyForDeploymentPostprocessing = 0;
		};
		598DDE5225973960007335F5 /* Frameworks */ = {
			isa = PBXFrameworksBuildPhase;
			buildActionMask = 2147483647;
			files = (
			);
			runOnlyForDeploymentPostprocessing = 0;
		};
/* End PBXFrameworksBuildPhase section */

/* Begin PBXGroup section */
		593B58482597598300AEC1A2 /* ForAdd */ = {
			isa = PBXGroup;
			children = (
			);
			path = ForAdd;
			sourceTree = "<group>";
		};
		598DDE302597395E007335F5 = {
			isa = PBXGroup;
			children = (
				598DDE3B2597395E007335F5 /* Laiko */,
				598DDE4D25973960007335F5 /* LaikoTests */,
				598DDE5825973960007335F5 /* LaikoUITests */,
				598DDE3A2597395E007335F5 /* Products */,
			);
			sourceTree = "<group>";
		};
		598DDE3A2597395E007335F5 /* Products */ = {
			isa = PBXGroup;
			children = (
				598DDE392597395E007335F5 /* Laiko.app */,
				598DDE4A25973960007335F5 /* LaikoTests.xctest */,
				598DDE5525973960007335F5 /* LaikoUITests.xctest */,
			);
			name = Products;
			sourceTree = "<group>";
		};
		598DDE3B2597395E007335F5 /* Laiko */ = {
			isa = PBXGroup;
			children = (
				593B58482597598300AEC1A2 /* ForAdd */,
				598DDE3C2597395E007335F5 /* LaikoApp.swift */,
				598DDE3E2597395E007335F5 /* ContentView.swift */,
				598DDE402597395F007335F5 /* Assets.xcassets */,
				598DDE452597395F007335F5 /* Info.plist */,
				598DDE422597395F007335F5 /* Preview Content */,
				59A3AF4825974C3F002A0BC4 /* Main.storyboard */,
				593B585725975C8200AEC1A2 /* LogoView.swift */,
			);
			path = Laiko;
			sourceTree = "<group>";
		};
		598DDE422597395F007335F5 /* Preview Content */ = {
			isa = PBXGroup;
			children = (
				598DDE432597395F007335F5 /* Preview Assets.xcassets */,
			);
			path = "Preview Content";
			sourceTree = "<group>";
		};
		598DDE4D25973960007335F5 /* LaikoTests */ = {
			isa = PBXGroup;
			children = (
				598DDE4E25973960007335F5 /* LaikoTests.swift */,
				598DDE5025973960007335F5 /* Info.plist */,
			);
			path = LaikoTests;
			sourceTree = "<group>";
		};
		598DDE5825973960007335F5 /* LaikoUITests */ = {
			isa = PBXGroup;
			children = (
				598DDE5925973960007335F5 /* LaikoUITests.swift */,
				598DDE5B25973960007335F5 /* Info.plist */,
			);
			path = LaikoUITests;
			sourceTree = "<group>";
		};
/* End PBXGroup section */

/* Begin PBXNativeTarget section */
		598DDE382597395E007335F5 /* Laiko */ = {
			isa = PBXNativeTarget;
			buildConfigurationList = 598DDE5E25973960007335F5 /* Build configuration list for PBXNativeTarget "Laiko" */;
			buildPhases = (
				598DDE352597395E007335F5 /* Sources */,
				598DDE362597395E007335F5 /* Frameworks */,
				598DDE372597395E007335F5 /* Resources */,
			);
			buildRules = (
			);
			dependencies = (
			);
			name = Laiko;
			productName = Laiko;
			productReference = 598DDE392597395E007335F5 /* Laiko.app */;
			productType = "com.apple.product-type.application";
		};
		598DDE4925973960007335F5 /* LaikoTests */ = {
			isa = PBXNativeTarget;
			buildConfigurationList = 598DDE6125973960007335F5 /* Build configuration list for PBXNativeTarget "LaikoTests" */;
			buildPhases = (
				598DDE4625973960007335F5 /* Sources */,
				598DDE4725973960007335F5 /* Frameworks */,
				598DDE4825973960007335F5 /* Resources */,
			);
			buildRules = (
			);
			dependencies = (
				598DDE4C25973960007335F5 /* PBXTargetDependency */,
			);
			name = LaikoTests;
			productName = LaikoTests;
			productReference = 598DDE4A25973960007335F5 /* LaikoTests.xctest */;
			productType = "com.apple.product-type.bundle.unit-test";
		};
		598DDE5425973960007335F5 /* LaikoUITests */ = {
			isa = PBXNativeTarget;
			buildConfigurationList = 598DDE6425973960007335F5 /* Build configuration list for PBXNativeTarget "LaikoUITests" */;
			buildPhases = (
				598DDE5125973960007335F5 /* Sources */,
				598DDE5225973960007335F5 /* Frameworks */,
				598DDE5325973960007335F5 /* Resources */,
			);
			buildRules = (
			);
			dependencies = (
				598DDE5725973960007335F5 /* PBXTargetDependency */,
			);
			name = LaikoUITests;
			productName = LaikoUITests;
			productReference = 598DDE5525973960007335F5 /* LaikoUITests.xctest */;
			productType = "com.apple.product-type.bundle.ui-testing";
		};
/* End PBXNativeTarget section */

/* Begin PBXProject section */
		598DDE312597395E007335F5 /* Project object */ = {
			isa = PBXProject;
			attributes = {
				LastSwiftUpdateCheck = 1230;
				LastUpgradeCheck = 1230;
				ORGANIZATIONNAME = CodEarth;
				TargetAttributes = {
					598DDE382597395E007335F5 = {
						CreatedOnToolsVersion = 12.3;
					};
					598DDE4925973960007335F5 = {
						CreatedOnToolsVersion = 12.3;
						TestTargetID = 598DDE382597395E007335F5;
					};
					598DDE5425973960007335F5 = {
						CreatedOnToolsVersion = 12.3;
						TestTargetID = 598DDE382597395E007335F5;
					};
				};
			};
			buildConfigurationList = 598DDE342597395E007335F5 /* Build configuration list for PBXProject "Laiko" */;
			compatibilityVersion = "Xcode 12.0";
			developmentRegion = en;
			hasScannedForEncodings = 0;
			knownRegions = (
				en,
				Base,
			);
			mainGroup = 598DDE302597395E007335F5;
			productRefGroup = 598DDE3A2597395E007335F5 /* Products */;
			projectDirPath = "";
			projectRoot = "";
			targets = (
				598DDE382597395E007335F5 /* Laiko */,
				598DDE4925973960007335F5 /* LaikoTests */,
				598DDE5425973960007335F5 /* LaikoUITests */,
			);
		};
/* End PBXProject section */

/* Begin PBXResourcesBuildPhase section */
		598DDE372597395E007335F5 /* Resources */ = {
			isa = PBXResourcesBuildPhase;
			buildActionMask = 2147483647;
			files = (
				59A3AF4925974C3F002A0BC4 /* Main.storyboard in Resources */,
				598DDE442597395F007335F5 /* Preview Assets.xcassets in Resources */,
				598DDE412597395F007335F5 /* Assets.xcassets in Resources */,
			);
			runOnlyForDeploymentPostprocessing = 0;
		};
		598DDE4825973960007335F5 /* Resources */ = {
			isa = PBXResourcesBuildPhase;
			buildActionMask = 2147483647;
			files = (
			);
			runOnlyForDeploymentPostprocessing = 0;
		};
		598DDE5325973960007335F5 /* Resources */ = {
			isa = PBXResourcesBuildPhase;
			buildActionMask = 2147483647;
			files = (
			);
			runOnlyForDeploymentPostprocessing = 0;
		};
/* End PBXResourcesBuildPhase section */

/* Begin PBXSourcesBuildPhase section */
		598DDE352597395E007335F5 /* Sources */ = {
			isa = PBXSourcesBuildPhase;
			buildActionMask = 2147483647;
			files = (
				598DDE3F2597395E007335F5 /* ContentView.swift in Sources */,
				593B585825975C8200AEC1A2 /* LogoView.swift in Sources */,
				598DDE3D2597395E007335F5 /* LaikoApp.swift in Sources */,
			);
			runOnlyForDeploymentPostprocessing = 0;
		};
		598DDE4625973960007335F5 /* Sources */ = {
			isa = PBXSourcesBuildPhase;
			buildActionMask = 2147483647;
			files = (
				598DDE4F25973960007335F5 /* LaikoTests.swift in Sources */,
			);
			runOnlyForDeploymentPostprocessing = 0;
		};
		598DDE5125973960007335F5 /* Sources */ = {
			isa = PBXSourcesBuildPhase;
			buildActionMask = 2147483647;
			files = (
				598DDE5A25973960007335F5 /* LaikoUITests.swift in Sources */,
			);
			runOnlyForDeploymentPostprocessing = 0;
		};
/* End PBXSourcesBuildPhase section */

/* Begin PBXTargetDependency section */
		598DDE4C25973960007335F5 /* PBXTargetDependency */ = {
			isa = PBXTargetDependency;
			target = 598DDE382597395E007335F5 /* Laiko */;
			targetProxy = 598DDE4B25973960007335F5 /* PBXContainerItemProxy */;
		};
		598DDE5725973960007335F5 /* PBXTargetDependency */ = {
			isa = PBXTargetDependency;
			target = 598DDE382597395E007335F5 /* Laiko */;
			targetProxy = 598DDE5625973960007335F5 /* PBXContainerItemProxy */;
		};
/* End PBXTargetDependency section */

/* Begin XCBuildConfiguration section */
		598DDE5C25973960007335F5 /* Debug */ = {
			isa = XCBuildConfiguration;
			buildSettings = {
				ALWAYS_SEARCH_USER_PATHS = NO;
				CLANG_ANALYZER_NONNULL = YES;
				CLANG_ANALYZER_NUMBER_OBJECT_CONVERSION = YES_AGGRESSIVE;
				CLANG_CXX_LANGUAGE_STANDARD = "gnu++14";
				CLANG_CXX_LIBRARY = "libc++";
				CLANG_ENABLE_MODULES = YES;
				CLANG_ENABLE_OBJC_ARC = YES;
				CLANG_ENABLE_OBJC_WEAK = YES;
				CLANG_WARN_BLOCK_CAPTURE_AUTORELEASING = YES;
				CLANG_WARN_BOOL_CONVERSION = YES;
				CLANG_WARN_COMMA = YES;
				CLANG_WARN_CONSTANT_CONVERSION = YES;
				CLANG_WARN_DEPRECATED_OBJC_IMPLEMENTATIONS = YES;
				CLANG_WARN_DIRECT_OBJC_ISA_USAGE = YES_ERROR;
				CLANG_WARN_DOCUMENTATION_COMMENTS = YES;
				CLANG_WARN_EMPTY_BODY = YES;
				CLANG_WARN_ENUM_CONVERSION = YES;
				CLANG_WARN_INFINITE_RECURSION = YES;
				CLANG_WARN_INT_CONVERSION = YES;
				CLANG_WARN_NON_LITERAL_NULL_CONVERSION = YES;
				CLANG_WARN_OBJC_IMPLICIT_RETAIN_SELF = YES;
				CLANG_WARN_OBJC_LITERAL_CONVERSION = YES;
				CLANG_WARN_OBJC_ROOT_CLASS = YES_ERROR;
				CLANG_WARN_QUOTED_INCLUDE_IN_FRAMEWORK_HEADER = YES;
				CLANG_WARN_RANGE_LOOP_ANALYSIS = YES;
				CLANG_WARN_STRICT_PROTOTYPES = YES;
				CLANG_WARN_SUSPICIOUS_MOVE = YES;
				CLANG_WARN_UNGUARDED_AVAILABILITY = YES_AGGRESSIVE;
				CLANG_WARN_UNREACHABLE_CODE = YES;
				CLANG_WARN__DUPLICATE_METHOD_MATCH = YES;
				COPY_PHASE_STRIP = NO;
				DEBUG_INFORMATION_FORMAT = dwarf;
				ENABLE_STRICT_OBJC_MSGSEND = YES;
				ENABLE_TESTABILITY = YES;
				GCC_C_LANGUAGE_STANDARD = gnu11;
				GCC_DYNAMIC_NO_PIC = NO;
				GCC_NO_COMMON_BLOCKS = YES;
				GCC_OPTIMIZATION_LEVEL = 0;
				GCC_PREPROCESSOR_DEFINITIONS = (
					"DEBUG=1",
					"$(inherited)",
				);
				GCC_WARN_64_TO_32_BIT_CONVERSION = YES;
				GCC_WARN_ABOUT_RETURN_TYPE = YES_ERROR;
				GCC_WARN_UNDECLARED_SELECTOR = YES;
				GCC_WARN_UNINITIALIZED_AUTOS = YES_AGGRESSIVE;
				GCC_WARN_UNUSED_FUNCTION = YES;
				GCC_WARN_UNUSED_VARIABLE = YES;
				IPHONEOS_DEPLOYMENT_TARGET = 14.3;
				MTL_ENABLE_DEBUG_INFO = INCLUDE_SOURCE;
				MTL_FAST_MATH = YES;
				ONLY_ACTIVE_ARCH = YES;
				SDKROOT = iphoneos;
				SWIFT_ACTIVE_COMPILATION_CONDITIONS = DEBUG;
				SWIFT_OPTIMIZATION_LEVEL = "-Onone";
			};
			name = Debug;
		};
		598DDE5D25973960007335F5 /* Release */ = {
			isa = XCBuildConfiguration;
			buildSettings = {
				ALWAYS_SEARCH_USER_PATHS = NO;
				CLANG_ANALYZER_NONNULL = YES;
				CLANG_ANALYZER_NUMBER_OBJECT_CONVERSION = YES_AGGRESSIVE;
				CLANG_CXX_LANGUAGE_STANDARD = "gnu++14";
				CLANG_CXX_LIBRARY = "libc++";
				CLANG_ENABLE_MODULES = YES;
				CLANG_ENABLE_OBJC_ARC = YES;
				CLANG_ENABLE_OBJC_WEAK = YES;
				CLANG_WARN_BLOCK_CAPTURE_AUTORELEASING = YES;
				CLANG_WARN_BOOL_CONVERSION = YES;
				CLANG_WARN_COMMA = YES;
				CLANG_WARN_CONSTANT_CONVERSION = YES;
				CLANG_WARN_DEPRECATED_OBJC_IMPLEMENTATIONS = YES;
				CLANG_WARN_DIRECT_OBJC_ISA_USAGE = YES_ERROR;
				CLANG_WARN_DOCUMENTATION_COMMENTS = YES;
				CLANG_WARN_EMPTY_BODY = YES;
				CLANG_WARN_ENUM_CONVERSION = YES;
				CLANG_WARN_INFINITE_RECURSION = YES;
				CLANG_WARN_INT_CONVERSION = YES;
				CLANG_WARN_NON_LITERAL_NULL_CONVERSION = YES;
				CLANG_WARN_OBJC_IMPLICIT_RETAIN_SELF = YES;
				CLANG_WARN_OBJC_LITERAL_CONVERSION = YES;
				CLANG_WARN_OBJC_ROOT_CLASS = YES_ERROR;
				CLANG_WARN_QUOTED_INCLUDE_IN_FRAMEWORK_HEADER = YES;
				CLANG_WARN_RANGE_LOOP_ANALYSIS = YES;
				CLANG_WARN_STRICT_PROTOTYPES = YES;
				CLANG_WARN_SUSPICIOUS_MOVE = YES;
				CLANG_WARN_UNGUARDED_AVAILABILITY = YES_AGGRESSIVE;
				CLANG_WARN_UNREACHABLE_CODE = YES;
				CLANG_WARN__DUPLICATE_METHOD_MATCH = YES;
				COPY_PHASE_STRIP = NO;
				DEBUG_INFORMATION_FORMAT = "dwarf-with-dsym";
				ENABLE_NS_ASSERTIONS = NO;
				ENABLE_STRICT_OBJC_MSGSEND = YES;
				GCC_C_LANGUAGE_STANDARD = gnu11;
				GCC_NO_COMMON_BLOCKS = YES;
				GCC_WARN_64_TO_32_BIT_CONVERSION = YES;
				GCC_WARN_ABOUT_RETURN_TYPE = YES_ERROR;
				GCC_WARN_UNDECLARED_SELECTOR = YES;
				GCC_WARN_UNINITIALIZED_AUTOS = YES_AGGRESSIVE;
				GCC_WARN_UNUSED_FUNCTION = YES;
				GCC_WARN_UNUSED_VARIABLE = YES;
				IPHONEOS_DEPLOYMENT_TARGET = 14.3;
				MTL_ENABLE_DEBUG_INFO = NO;
				MTL_FAST_MATH = YES;
				SDKROOT = iphoneos;
				SWIFT_COMPILATION_MODE = wholemodule;
				SWIFT_OPTIMIZATION_LEVEL = "-O";
				VALIDATE_PRODUCT = YES;
			};
			name = Release;
		};
		598DDE5F25973960007335F5 /* Debug */ = {
			isa = XCBuildConfiguration;
			buildSettings = {
				ASSETCATALOG_COMPILER_APPICON_NAME = AppIcon;
				ASSETCATALOG_COMPILER_GLOBAL_ACCENT_COLOR_NAME = AccentColor;
				CODE_SIGN_STYLE = Automatic;
				DEVELOPMENT_ASSET_PATHS = "\"Laiko/Preview Content\"";
				DEVELOPMENT_TEAM = XUP7RY69DW;
				ENABLE_PREVIEWS = YES;
				INFOPLIST_FILE = Laiko/Info.plist;
				IPHONEOS_DEPLOYMENT_TARGET = 14.0;
				LD_RUNPATH_SEARCH_PATHS = (
					"$(inherited)",
					"@executable_path/Frameworks",
				);
				PRODUCT_BUNDLE_IDENTIFIER = com.codearth.Laiko;
				PRODUCT_NAME = "$(TARGET_NAME)";
				SWIFT_VERSION = 5.0;
				TARGETED_DEVICE_FAMILY = "1,2";
			};
			name = Debug;
		};
		598DDE6025973960007335F5 /* Release */ = {
			isa = XCBuildConfiguration;
			buildSettings = {
				ASSETCATALOG_COMPILER_APPICON_NAME = AppIcon;
				ASSETCATALOG_COMPILER_GLOBAL_ACCENT_COLOR_NAME = AccentColor;
				CODE_SIGN_STYLE = Automatic;
				DEVELOPMENT_ASSET_PATHS = "\"Laiko/Preview Content\"";
				DEVELOPMENT_TEAM = XUP7RY69DW;
				ENABLE_PREVIEWS = YES;
				INFOPLIST_FILE = Laiko/Info.plist;
				IPHONEOS_DEPLOYMENT_TARGET = 14.0;
				LD_RUNPATH_SEARCH_PATHS = (
					"$(inherited)",
					"@executable_path/Frameworks",
				);
				PRODUCT_BUNDLE_IDENTIFIER = com.codearth.Laiko;
				PRODUCT_NAME = "$(TARGET_NAME)";
				SWIFT_VERSION = 5.0;
				TARGETED_DEVICE_FAMILY = "1,2";
			};
			name = Release;
		};
		598DDE6225973960007335F5 /* Debug */ = {
			isa = XCBuildConfiguration;
			buildSettings = {
				ALWAYS_EMBED_SWIFT_STANDARD_LIBRARIES = YES;
				BUNDLE_LOADER = "$(TEST_HOST)";
				CODE_SIGN_STYLE = Automatic;
				DEVELOPMENT_TEAM = XUP7RY69DW;
				INFOPLIST_FILE = LaikoTests/Info.plist;
				IPHONEOS_DEPLOYMENT_TARGET = 14.0;
				LD_RUNPATH_SEARCH_PATHS = (
					"$(inherited)",
					"@executable_path/Frameworks",
					"@loader_path/Frameworks",
				);
				PRODUCT_BUNDLE_IDENTIFIER = com.codearth.LaikoTests;
				PRODUCT_NAME = "$(TARGET_NAME)";
				SWIFT_VERSION = 5.0;
				TARGETED_DEVICE_FAMILY = "1,2";
				TEST_HOST = "$(BUILT_PRODUCTS_DIR)/Laiko.app/Laiko";
			};
			name = Debug;
		};
		598DDE6325973960007335F5 /* Release */ = {
			isa = XCBuildConfiguration;
			buildSettings = {
				ALWAYS_EMBED_SWIFT_STANDARD_LIBRARIES = YES;
				BUNDLE_LOADER = "$(TEST_HOST)";
				CODE_SIGN_STYLE = Automatic;
				DEVELOPMENT_TEAM = XUP7RY69DW;
				INFOPLIST_FILE = LaikoTests/Info.plist;
				IPHONEOS_DEPLOYMENT_TARGET = 14.0;
				LD_RUNPATH_SEARCH_PATHS = (
					"$(inherited)",
					"@executable_path/Frameworks",
					"@loader_path/Frameworks",
				);
				PRODUCT_BUNDLE_IDENTIFIER = com.codearth.LaikoTests;
				PRODUCT_NAME = "$(TARGET_NAME)";
				SWIFT_VERSION = 5.0;
				TARGETED_DEVICE_FAMILY = "1,2";
				TEST_HOST = "$(BUILT_PRODUCTS_DIR)/Laiko.app/Laiko";
			};
			name = Release;
		};
		598DDE6525973960007335F5 /* Debug */ = {
			isa = XCBuildConfiguration;
			buildSettings = {
				ALWAYS_EMBED_SWIFT_STANDARD_LIBRARIES = YES;
				CODE_SIGN_STYLE = Automatic;
				DEVELOPMENT_TEAM = XUP7RY69DW;
				INFOPLIST_FILE = LaikoUITests/Info.plist;
				LD_RUNPATH_SEARCH_PATHS = (
					"$(inherited)",
					"@executable_path/Frameworks",
					"@loader_path/Frameworks",
				);
				PRODUCT_BUNDLE_IDENTIFIER = com.codearth.LaikoUITests;
				PRODUCT_NAME = "$(TARGET_NAME)";
				SWIFT_VERSION = 5.0;
				TARGETED_DEVICE_FAMILY = "1,2";
				TEST_TARGET_NAME = Laiko;
			};
			name = Debug;
		};
		598DDE6625973960007335F5 /* Release */ = {
			isa = XCBuildConfiguration;
			buildSettings = {
				ALWAYS_EMBED_SWIFT_STANDARD_LIBRARIES = YES;
				CODE_SIGN_STYLE = Automatic;
				DEVELOPMENT_TEAM = XUP7RY69DW;
				INFOPLIST_FILE = LaikoUITests/Info.plist;
				LD_RUNPATH_SEARCH_PATHS = (
					"$(inherited)",
					"@executable_path/Frameworks",
					"@loader_path/Frameworks",
				);
				PRODUCT_BUNDLE_IDENTIFIER = com.codearth.LaikoUITests;
				PRODUCT_NAME = "$(TARGET_NAME)";
				SWIFT_VERSION = 5.0;
				TARGETED_DEVICE_FAMILY = "1,2";
				TEST_TARGET_NAME = Laiko;
			};
			name = Release;
		};
/* End XCBuildConfiguration section */

/* Begin XCConfigurationList section */
		598DDE342597395E007335F5 /* Build configuration list for PBXProject "Laiko" */ = {
			isa = XCConfigurationList;
			buildConfigurations = (
				598DDE5C25973960007335F5 /* Debug */,
				598DDE5D25973960007335F5 /* Release */,
			);
			defaultConfigurationIsVisible = 0;
			defaultConfigurationName = Release;
		};
		598DDE5E25973960007335F5 /* Build configuration list for PBXNativeTarget "Laiko" */ = {
			isa = XCConfigurationList;
			buildConfigurations = (
				598DDE5F25973960007335F5 /* Debug */,
				598DDE6025973960007335F5 /* Release */,
			);
			defaultConfigurationIsVisible = 0;
			defaultConfigurationName = Release;
		};
		598DDE6125973960007335F5 /* Build configuration list for PBXNativeTarget "LaikoTests" */ = {
			isa = XCConfigurationList;
			buildConfigurations = (
				598DDE6225973960007335F5 /* Debug */,
				598DDE6325973960007335F5 /* Release */,
			);
			defaultConfigurationIsVisible = 0;
			defaultConfigurationName = Release;
		};
		598DDE6425973960007335F5 /* Build configuration list for PBXNativeTarget "LaikoUITests" */ = {
			isa = XCConfigurationList;
			buildConfigurations = (
				598DDE6525973960007335F5 /* Debug */,
				598DDE6625973960007335F5 /* Release */,
			);
			defaultConfigurationIsVisible = 0;
			defaultConfigurationName = Release;
		};
/* End XCConfigurationList section */
	};
	rootObject = 598DDE312597395E007335F5 /* Project object */;
}
